
Microsoft Visual Studio Solution File, Format Version 12.00
# Visual Studio Version 16
VisualStudioVersion = 16.0.29201.188
MinimumVisualStudioVersion = 10.0.40219.1
Project("{FAE04EC0-301F-11D3-BF4B-00C04F79EFBC}") = "HighCharts", "HighCharts\HighCharts.csproj", "{BF772F43-AC26-40B5-9E68-C25333BDC839}"
EndProject
Project("{FAE04EC0-301F-11D3-BF4B-00C04F79EFBC}") = "HighChart.Core", "HighChart.Core\HighChart.Core.csproj", "{9EEEF1C0-60AA-42BB-A4FE-A2B58E74541B}"
EndProject
Global
	GlobalSection(SolutionConfigurationPlatforms) = preSolution
		Debug|Any CPU = Debug|Any CPU
		Release|Any CPU = Release|Any CPU
	EndGlobalSection
	GlobalSection(ProjectConfigurationPlatforms) = postSolution
		{BF772F43-AC26-40B5-9E68-C25333BDC839}.Debug|Any CPU.ActiveCfg = Debug|Any CPU
		{BF772F43-AC26-40B5-9E68-C25333BDC839}.Debug|Any CPU.Build.0 = Debug|Any CPU
		{BF772F43-AC26-40B5-9E68-C25333BDC839}.Release|Any CPU.ActiveCfg = Release|Any CPU
		{BF772F43-AC26-40B5-9E68-C25333BDC839}.Release|Any CPU.Build.0 = Release|Any CPU
		{9EEEF1C0-60AA-42BB-A4FE-A2B58E74541B}.Debug|Any CPU.ActiveCfg = Debug|Any CPU
		{9EEEF1C0-60AA-42BB-A4FE-A2B58E74541B}.Debug|Any CPU.Build.0 = Debug|Any CPU
		{9EEEF1C0-60AA-42BB-A4FE-A2B58E74541B}.Release|Any CPU.ActiveCfg = Release|Any CPU
		{9EEEF1C0-60AA-42BB-A4FE-A2B58E74541B}.Release|Any CPU.Build.0 = Release|Any CPU
	EndGlobalSection
	GlobalSection(SolutionProperties) = preSolution
		HideSolutionNode = FALSE
	EndGlobalSection
	GlobalSection(ExtensibilityGlobals) = postSolution
		SolutionGuid = {0A0E45A2-8B10-427A-93FE-C4080B83C586}
	EndGlobalSection
EndGlobal
